
Microsoft Visual Studio Solution File, Format Version 12.00
# Visual Studio 15
VisualStudioVersion = 15.0.26730.3
MinimumVisualStudioVersion = 10.0.40219.1
Project("{CC5FD16D-436D-48AD-A40C-5A424C6E3E79}") = "SFA.DAS.EAS.Support.CloudService", "SFA.DAS.EAS.Support.CloudService\SFA.DAS.EAS.Support.CloudService.ccproj", "{E33EAE3E-3261-4031-B074-2F80FBD5588B}"
EndProject
Project("{FAE04EC0-301F-11D3-BF4B-00C04F79EFBC}") = "SFA.DAS.EAS.Support.Web", "SFA.DAS.EAS.Support.Web\SFA.DAS.EAS.Support.Web.csproj", "{EA34BE6E-BDF6-4DE3-A6DA-77EAAB8DC695}"
EndProject
Project("{9A19103F-16F7-4668-BE54-9A1E7A4F7556}") = "ESFA.DAS.Support.Shared", "ESFA.DAS.Support.Shared\ESFA.DAS.Support.Shared.csproj", "{1CEE40FA-B5D8-492D-B65C-C56B335C9FFD}"
EndProject
Project("{FAE04EC0-301F-11D3-BF4B-00C04F79EFBC}") = "SFA.DAS.EAS.Support.Infrastructure", "SFA.DAS.EAS.Support.Infrastructure\SFA.DAS.EAS.Support.Infrastructure.csproj", "{9A31DB97-209C-48EF-AE2A-B4A4F761F670}"
EndProject
Project("{FAE04EC0-301F-11D3-BF4B-00C04F79EFBC}") = "SFA.DAS.EAS.Support.Core", "SFA.DAS.EAS.Support.Core\SFA.DAS.EAS.Support.Core.csproj", "{99F6DD4A-CD1C-4D45-A2C9-ED2F89D1FB84}"
EndProject
Project("{FAE04EC0-301F-11D3-BF4B-00C04F79EFBC}") = "SFA.DAS.EAS.Support.ApplicationServices", "SFA.DAS.EAS.Support.ApplicationServices\SFA.DAS.EAS.Support.ApplicationServices.csproj", "{84CD1351-253C-43D7-886D-A5E9CA3606CA}"
EndProject
Global
	GlobalSection(SolutionConfigurationPlatforms) = preSolution
		Debug|Any CPU = Debug|Any CPU
		Release|Any CPU = Release|Any CPU
	EndGlobalSection
	GlobalSection(ProjectConfigurationPlatforms) = postSolution
		{E33EAE3E-3261-4031-B074-2F80FBD5588B}.Debug|Any CPU.ActiveCfg = Debug|Any CPU
		{E33EAE3E-3261-4031-B074-2F80FBD5588B}.Debug|Any CPU.Build.0 = Debug|Any CPU
		{E33EAE3E-3261-4031-B074-2F80FBD5588B}.Release|Any CPU.ActiveCfg = Release|Any CPU
		{E33EAE3E-3261-4031-B074-2F80FBD5588B}.Release|Any CPU.Build.0 = Release|Any CPU
		{EA34BE6E-BDF6-4DE3-A6DA-77EAAB8DC695}.Debug|Any CPU.ActiveCfg = Debug|Any CPU
		{EA34BE6E-BDF6-4DE3-A6DA-77EAAB8DC695}.Debug|Any CPU.Build.0 = Debug|Any CPU
		{EA34BE6E-BDF6-4DE3-A6DA-77EAAB8DC695}.Release|Any CPU.ActiveCfg = Release|Any CPU
		{EA34BE6E-BDF6-4DE3-A6DA-77EAAB8DC695}.Release|Any CPU.Build.0 = Release|Any CPU
		{1CEE40FA-B5D8-492D-B65C-C56B335C9FFD}.Debug|Any CPU.ActiveCfg = Debug|Any CPU
		{1CEE40FA-B5D8-492D-B65C-C56B335C9FFD}.Debug|Any CPU.Build.0 = Debug|Any CPU
		{1CEE40FA-B5D8-492D-B65C-C56B335C9FFD}.Release|Any CPU.ActiveCfg = Release|Any CPU
		{1CEE40FA-B5D8-492D-B65C-C56B335C9FFD}.Release|Any CPU.Build.0 = Release|Any CPU
		{9A31DB97-209C-48EF-AE2A-B4A4F761F670}.Debug|Any CPU.ActiveCfg = Debug|Any CPU
		{9A31DB97-209C-48EF-AE2A-B4A4F761F670}.Debug|Any CPU.Build.0 = Debug|Any CPU
		{9A31DB97-209C-48EF-AE2A-B4A4F761F670}.Release|Any CPU.ActiveCfg = Release|Any CPU
		{9A31DB97-209C-48EF-AE2A-B4A4F761F670}.Release|Any CPU.Build.0 = Release|Any CPU
		{99F6DD4A-CD1C-4D45-A2C9-ED2F89D1FB84}.Debug|Any CPU.ActiveCfg = Debug|Any CPU
		{99F6DD4A-CD1C-4D45-A2C9-ED2F89D1FB84}.Debug|Any CPU.Build.0 = Debug|Any CPU
		{99F6DD4A-CD1C-4D45-A2C9-ED2F89D1FB84}.Release|Any CPU.ActiveCfg = Release|Any CPU
		{99F6DD4A-CD1C-4D45-A2C9-ED2F89D1FB84}.Release|Any CPU.Build.0 = Release|Any CPU
		{84CD1351-253C-43D7-886D-A5E9CA3606CA}.Debug|Any CPU.ActiveCfg = Debug|Any CPU
		{84CD1351-253C-43D7-886D-A5E9CA3606CA}.Debug|Any CPU.Build.0 = Debug|Any CPU
		{84CD1351-253C-43D7-886D-A5E9CA3606CA}.Release|Any CPU.ActiveCfg = Release|Any CPU
		{84CD1351-253C-43D7-886D-A5E9CA3606CA}.Release|Any CPU.Build.0 = Release|Any CPU
	EndGlobalSection
	GlobalSection(SolutionProperties) = preSolution
		HideSolutionNode = FALSE
	EndGlobalSection
	GlobalSection(ExtensibilityGlobals) = postSolution
		SolutionGuid = {34778618-4EF4-4F15-9BC3-DB9C7CF9BEA9}
	EndGlobalSection
EndGlobal
